<?xml version="1.0" encoding="utf-8"?>
<Project ToolsVersion="4.0" xmlns="http://schemas.microsoft.com/developer/msbuild/2003">
  <ItemGroup>
    <Filter Include="Source Files">
      <UniqueIdentifier>{4FC737F1-C7A5-4376-A066-2A32D752A2FF}</UniqueIdentifier>
      <Extensions>cpp;c;cc;cxx;c++;cppm;ixx;def;odl;idl;hpj;bat;asm;asmx</Extensions>
    </Filter>
    <Filter Include="Header Files">
      <UniqueIdentifier>{93995380-89BD-4b04-88EB-625FBE52EBFB}</UniqueIdentifier>
      <Extensions>h;hh;hpp;hxx;h++;hm;inl;inc;ipp;xsd</Extensions>
    </Filter>
    <Filter Include="Resource Files">
      <UniqueIdentifier>{67DA6AB6-F800-4c08-8B7A-83BB121AAD01}</UniqueIdentifier>
      <Extensions>rc;ico;cur;bmp;dlg;rc2;rct;bin;rgs;gif;jpg;jpeg;jpe;resx;tiff;tif;png;wav;mfcribbon-ms</Extensions>
    </Filter>
  </ItemGroup>
  <ItemGroup>
    <ClCompile Include="src\Application.cpp">
      <Filter>Source Files</Filter>
    </ClCompile>
    <ClCompile Include="src\utils\Ray.cpp">
      <Filter>Source Files</Filter>
    </ClCompile>
    <ClCompile Include="src\Scene.cpp">
      <Filter>Source Files</Filter>
    </ClCompile>
    <ClCompile Include="src\vendor\stb\stb_image_write.cpp">
      <Filter>Source Files</Filter>
    </ClCompile>
    <ClCompile Include="src\Camera.cpp">
      <Filter>Source Files</Filter>
    </ClCompile>
    <ClCompile Include="src\objects\materials\Material.cpp">
      <Filter>Source Files</Filter>
    </ClCompile>
    <ClCompile Include="src\Renderer.cpp">
      <Filter>Source Files</Filter>
    </ClCompile>
    <ClCompile Include="src\objects\objects\Sphere.cpp">
      <Filter>Source Files</Filter>
    </ClCompile>
    <ClCompile Include="src\utils\Vec3.cpp">
      <Filter>Source Files</Filter>
    </ClCompile>
    <ClCompile Include="src\objects\objects\MovingSphere.cpp">
      <Filter>Source Files</Filter>
    </ClCompile>
    <ClCompile Include="src\objects\objects\HittableList.cpp">
      <Filter>Source Files</Filter>
    </ClCompile>
    <ClCompile Include="src\objects\AABB.cpp">
      <Filter>Source Files</Filter>
    </ClCompile>
    <ClCompile Include="src\objects\BVH.cpp">
      <Filter>Source Files</Filter>
    </ClCompile>
    <ClCompile Include="src\objects\materials\Texture.cpp">
      <Filter>Source Files</Filter>
    </ClCompile>
    <ClCompile Include="src\utils\Perlin.cpp">
      <Filter>Source Files</Filter>
    </ClCompile>
    <ClCompile Include="src\utils\SmoothPerlin.cpp">
      <Filter>Source Files</Filter>
    </ClCompile>
    <ClCompile Include="src\vendor\stb\stb_image.cpp">
      <Filter>Source Files</Filter>
    </ClCompile>
    <ClCompile Include="src\objects\objects\AARect.cpp">
      <Filter>Source Files</Filter>
    </ClCompile>
    <ClCompile Include="src\objects\objects\Box.cpp">
      <Filter>Source Files</Filter>
    </ClCompile>
    <ClCompile Include="src\objects\Translate.cpp">
      <Filter>Source Files</Filter>
    </ClCompile>
    <ClCompile Include="src\objects\Rotate.cpp">
      <Filter>Source Files</Filter>
    </ClCompile>
    <ClCompile Include="src\objects\materials\ConstantMedium.cpp">
      <Filter>Source Files</Filter>
    </ClCompile>
  </ItemGroup>
  <ItemGroup>
    <ClInclude Include="src\utils\Ray.h">
      <Filter>Header Files</Filter>
    </ClInclude>
    <ClInclude Include="src\utils\Utils.h">
      <Filter>Header Files</Filter>
    </ClInclude>
    <ClInclude Include="src\vendor\stb\stb_image_write.h">
      <Filter>Header Files</Filter>
    </ClInclude>
    <ClInclude Include="src\vendor\stb\stb_image.h">
      <Filter>Header Files</Filter>
    </ClInclude>
    <ClInclude Include="src\utils\Vec3.h">
      <Filter>Header Files</Filter>
    </ClInclude>
    <ClInclude Include="src\objects\objects\Sphere.h">
      <Filter>Header Files</Filter>
    </ClInclude>
    <ClInclude Include="src\objects\materials\Material.h">
      <Filter>Header Files</Filter>
    </ClInclude>
    <ClInclude Include="src\objects\objects\HittableList.h">
      <Filter>Header Files</Filter>
    </ClInclude>
    <ClInclude Include="src\objects\objects\Hittable.h">
      <Filter>Header Files</Filter>
    </ClInclude>
    <ClInclude Include="src\Renderer.h">
      <Filter>Header Files</Filter>
    </ClInclude>
    <ClInclude Include="src\Camera.h">
      <Filter>Header Files</Filter>
    </ClInclude>
    <ClInclude Include="src\Scene.h">
      <Filter>Header Files</Filter>
    </ClInclude>
    <ClInclude Include="src\objects\RayTracer.h">
      <Filter>Header Files</Filter>
    </ClInclude>
    <ClInclude Include="src\objects\objects\MovingSphere.h">
      <Filter>Header Files</Filter>
    </ClInclude>
    <ClInclude Include="src\objects\AABB.h">
      <Filter>Header Files</Filter>
    </ClInclude>
    <ClInclude Include="src\objects\BVH.h">
      <Filter>Header Files</Filter>
    </ClInclude>
    <ClInclude Include="src\objects\materials\Texture.h">
      <Filter>Header Files</Filter>
    </ClInclude>
    <ClInclude Include="src\utils\Perlin.h">
      <Filter>Header Files</Filter>
    </ClInclude>
    <ClInclude Include="src\utils\SmoothPerlin.h">
      <Filter>Header Files</Filter>
    </ClInclude>
    <ClInclude Include="src\objects\objects\AARect.h">
      <Filter>Header Files</Filter>
    </ClInclude>
    <ClInclude Include="src\objects\objects\Box.h">
      <Filter>Header Files</Filter>
    </ClInclude>
    <ClInclude Include="src\objects\Translate.h">
      <Filter>Header Files</Filter>
    </ClInclude>
    <ClInclude Include="src\objects\Rotate.h">
      <Filter>Header Files</Filter>
    </ClInclude>
    <ClInclude Include="src\objects\materials\ConstantMedium.h">
      <Filter>Header Files</Filter>
    </ClInclude>
  </ItemGroup>
</Project>